{
  "object": {
    "pins": [
      {
        "package": "Network",
        "repositoryURL": "http://github.com/karthikkeyan/Network",
        "state": {
          "branch": null,
          "revision": "da3c4ce22fdfcc4ff40fc3a0a0e4db9ad2db8ea3",
          "version": "0.0.2"
        }
      }
    ]
  },
  "version": 1
}
